
Microsoft Visual Studio Solution File, Format Version 12.00
# Visual Studio Version 17
VisualStudioVersion = 17.13.35931.197
MinimumVisualStudioVersion = 10.0.40219.1
Project("{FAE04EC0-301F-11D3-BF4B-00C04F79EFBC}") = "nnrr", "nnrr\nnrr.csproj", "{C4FFE611-72B7-4C91-8809-8EA9F91D7EED}"
EndProject
Project("{2150E333-8FDC-42A3-9474-1A3956D46DE8}") = "Solution Items", "Solution Items", "{02EA681E-C7D8-13C7-8484-4AC65E1B71E8}"
	ProjectSection(SolutionItems) = preProject
		.editorconfig = .editorconfig
	EndProjectSection
EndProject
Global
	GlobalSection(SolutionConfigurationPlatforms) = preSolution
		Debug|Any CPU = Debug|Any CPU
		Release|Any CPU = Release|Any CPU
	EndGlobalSection
	GlobalSection(ProjectConfigurationPlatforms) = postSolution
		{C4FFE611-72B7-4C91-8809-8EA9F91D7EED}.Debug|Any CPU.ActiveCfg = Debug|Any CPU
		{C4FFE611-72B7-4C91-8809-8EA9F91D7EED}.Debug|Any CPU.Build.0 = Debug|Any CPU
		{C4FFE611-72B7-4C91-8809-8EA9F91D7EED}.Release|Any CPU.ActiveCfg = Release|Any CPU
		{C4FFE611-72B7-4C91-8809-8EA9F91D7EED}.Release|Any CPU.Build.0 = Release|Any CPU
	EndGlobalSection
	GlobalSection(SolutionProperties) = preSolution
		HideSolutionNode = FALSE
	EndGlobalSection
	GlobalSection(ExtensibilityGlobals) = postSolution
		SolutionGuid = {E8E1E4DC-9435-4729-8288-4C84F72F2321}
	EndGlobalSection
EndGlobal
